<?xml version="1.0" encoding="utf-8"?>
<Project ToolsVersion="4.0" xmlns="http://schemas.microsoft.com/developer/msbuild/2003">
  <ItemGroup>
    <Filter Include="Fichiers sources">
      <UniqueIdentifier>{4FC737F1-C7A5-4376-A066-2A32D752A2FF}</UniqueIdentifier>
      <Extensions>cpp;c;cc;cxx;c++;cppm;ixx;def;odl;idl;hpj;bat;asm;asmx</Extensions>
    </Filter>
    <Filter Include="Fichiers d%27en-tête">
      <UniqueIdentifier>{93995380-89BD-4b04-88EB-625FBE52EBFB}</UniqueIdentifier>
      <Extensions>h;hh;hpp;hxx;h++;hm;inl;inc;ipp;xsd</Extensions>
    </Filter>
    <Filter Include="Fichiers de ressources">
      <UniqueIdentifier>{67DA6AB6-F800-4c08-8B7A-83BB121AAD01}</UniqueIdentifier>
      <Extensions>rc;ico;cur;bmp;dlg;rc2;rct;bin;rgs;gif;jpg;jpeg;jpe;resx;tiff;tif;png;wav;mfcribbon-ms</Extensions>
    </Filter>
    <Filter Include="Fichiers sources\Game">
      <UniqueIdentifier>{fca8e597-5cb3-478d-b27b-3eacf53012fb}</UniqueIdentifier>
    </Filter>
    <Filter Include="Fichiers d%27en-tête\Game">
      <UniqueIdentifier>{c64c64db-e7b7-44c1-a3f1-a5e1836c23b0}</UniqueIdentifier>
    </Filter>
    <Filter Include="Fichiers d%27en-tête\Game\State">
      <UniqueIdentifier>{9e86ec09-7791-4070-9020-14e6499d6fde}</UniqueIdentifier>
    </Filter>
    <Filter Include="Fichiers sources\Game\State">
      <UniqueIdentifier>{59e0ae53-ec88-462f-890c-2410c3eca7f6}</UniqueIdentifier>
    </Filter>
    <Filter Include="Fichiers d%27en-tête\Game\State\List">
      <UniqueIdentifier>{3996c525-9d22-4803-b86a-e4738e2fb245}</UniqueIdentifier>
    </Filter>
    <Filter Include="Fichiers sources\Game\State\List">
      <UniqueIdentifier>{7a44437d-1bd1-4e11-a7be-aee77f10b9ba}</UniqueIdentifier>
    </Filter>
    <Filter Include="Fichiers sources\Game\Asset">
      <UniqueIdentifier>{2d7aa085-89a2-439f-8569-ad9f6c2c44c7}</UniqueIdentifier>
    </Filter>
    <Filter Include="Fichiers d%27en-tête\Game\Asset">
      <UniqueIdentifier>{75078105-0aa8-40de-a2b2-7dafeec60da1}</UniqueIdentifier>
    </Filter>
    <Filter Include="Fichiers sources\Game\Input">
      <UniqueIdentifier>{c6f0c633-fa84-42c9-a511-4bbbba617c2d}</UniqueIdentifier>
    </Filter>
    <Filter Include="Fichiers d%27en-tête\Game\Input">
      <UniqueIdentifier>{dc0c2cbd-bbfb-4ada-bd59-2399fc556c7f}</UniqueIdentifier>
    </Filter>
    <Filter Include="Fichiers sources\Game\View">
      <UniqueIdentifier>{c3c262cf-8db5-4c9e-b17e-5a50f95b46fc}</UniqueIdentifier>
    </Filter>
    <Filter Include="Fichiers d%27en-tête\Game\View">
      <UniqueIdentifier>{a8a6f5f7-2b4d-4b13-9e3d-48fbeaeee9d9}</UniqueIdentifier>
    </Filter>
    <Filter Include="Fichiers d%27en-tête\Game\Physic">
      <UniqueIdentifier>{8569c043-5e6f-4081-a943-37235f321ed4}</UniqueIdentifier>
    </Filter>
    <Filter Include="Fichiers sources\Game\Physic">
      <UniqueIdentifier>{374f4acf-bc06-4a43-9750-6c423b1174cc}</UniqueIdentifier>
    </Filter>
    <Filter Include="Fichiers d%27en-tête\Game\Math">
      <UniqueIdentifier>{117117c3-394c-4057-9f9b-5961d41f3228}</UniqueIdentifier>
    </Filter>
    <Filter Include="Fichiers d%27en-tête\Game\Entity">
      <UniqueIdentifier>{1741d904-875b-4d28-af80-0a80b1a82dde}</UniqueIdentifier>
    </Filter>
    <Filter Include="Fichiers sources\Game\Entity">
      <UniqueIdentifier>{7b1c993f-2330-4950-885c-ecdd064ff63c}</UniqueIdentifier>
    </Filter>
    <Filter Include="Fichiers d%27en-tête\Game\Entity\LivingEntity">
      <UniqueIdentifier>{b37e0cc9-9a8b-4aa9-893c-650eb3758df3}</UniqueIdentifier>
    </Filter>
    <Filter Include="Fichiers d%27en-tête\Game\Entity\LivingEntity\Ennemy">
      <UniqueIdentifier>{7bdd059f-bfd9-42d5-accb-cf39bf83b650}</UniqueIdentifier>
    </Filter>
    <Filter Include="Fichiers d%27en-tête\Game\Entity\LivingEntity\Ennemy\List">
      <UniqueIdentifier>{7502bab6-bc57-42a9-adf4-dafee816760d}</UniqueIdentifier>
    </Filter>
    <Filter Include="Fichiers d%27en-tête\Game\Entity\LivingEntity\Player">
      <UniqueIdentifier>{f6a0237e-b058-4334-95fc-d9fac724c7fd}</UniqueIdentifier>
    </Filter>
    <Filter Include="Fichiers sources\Game\Entity\LivingEntity">
      <UniqueIdentifier>{bed644a6-3c06-4057-aa9c-a3313d71d2d8}</UniqueIdentifier>
    </Filter>
    <Filter Include="Fichiers sources\Game\Entity\LivingEntity\Ennemy">
      <UniqueIdentifier>{85197066-7a49-44d5-80b2-e3f37bacedbe}</UniqueIdentifier>
    </Filter>
    <Filter Include="Fichiers sources\Game\Entity\LivingEntity\Ennemy\List">
      <UniqueIdentifier>{1c6fe4b4-c0cd-4213-b8d8-806242fe20d9}</UniqueIdentifier>
    </Filter>
    <Filter Include="Fichiers sources\Game\Entity\LivingEntity\Player">
      <UniqueIdentifier>{0a926f73-6cac-4334-81ad-4cf819d4782b}</UniqueIdentifier>
    </Filter>
    <Filter Include="Fichiers d%27en-tête\Game\Entity\Weapon">
      <UniqueIdentifier>{13a66baf-029a-4e84-832a-5f6feb83b959}</UniqueIdentifier>
    </Filter>
    <Filter Include="Fichiers d%27en-tête\Game\Map">
      <UniqueIdentifier>{eb1f0e05-9860-46f3-a407-b10a7ae2a978}</UniqueIdentifier>
    </Filter>
    <Filter Include="Fichiers d%27en-tête\Game\Entity\Projectile">
      <UniqueIdentifier>{3ffcb8fc-01c0-4868-97b2-f01766f65b20}</UniqueIdentifier>
    </Filter>
    <Filter Include="Fichiers d%27en-tête\Game\Entity\Weapon\Range">
      <UniqueIdentifier>{9cc15790-7d2f-4b71-bd59-47c385c20094}</UniqueIdentifier>
    </Filter>
    <Filter Include="Fichiers d%27en-tête\Game\Entity\Weapon\Melee">
      <UniqueIdentifier>{e86c1fb9-4f1f-4242-ab95-5f5082a7e389}</UniqueIdentifier>
    </Filter>
    <Filter Include="Fichiers d%27en-tête\Game\Entity\Weapon\Melee\List">
      <UniqueIdentifier>{15aa202a-4c61-4126-9193-c38e06d5ba37}</UniqueIdentifier>
    </Filter>
    <Filter Include="Fichiers d%27en-tête\Game\Entity\Weapon\Range\List">
      <UniqueIdentifier>{4fee4d7f-2fea-4bd4-b40b-168c92a8cc70}</UniqueIdentifier>
    </Filter>
    <Filter Include="Fichiers d%27en-tête\Game\Entity\Weapon\Range\List\Bow">
      <UniqueIdentifier>{8c206b95-821d-403f-877d-28fd136f65ca}</UniqueIdentifier>
    </Filter>
    <Filter Include="Fichiers sources\Game\Entity\Weapon">
      <UniqueIdentifier>{65394931-5faf-4cfd-bac6-6f465957f70d}</UniqueIdentifier>
    </Filter>
    <Filter Include="Fichiers sources\Game\Entity\Weapon\Melee">
      <UniqueIdentifier>{691f6ea7-9e5f-47ed-9278-a96e3287eeb6}</UniqueIdentifier>
    </Filter>
    <Filter Include="Fichiers sources\Game\Entity\Weapon\Melee\List">
      <UniqueIdentifier>{135b7b19-575e-424d-a818-790b8a7ed2f5}</UniqueIdentifier>
    </Filter>
    <Filter Include="Fichiers sources\Game\Entity\Weapon\Range">
      <UniqueIdentifier>{33dfad82-18b8-4b60-9300-2c99fa0c646b}</UniqueIdentifier>
    </Filter>
    <Filter Include="Fichiers sources\Game\Entity\Weapon\Range\List">
      <UniqueIdentifier>{70de9333-e19b-460e-ad22-f4ac38ec0a58}</UniqueIdentifier>
    </Filter>
    <Filter Include="Fichiers sources\Game\Entity\Weapon\Range\List\Bow">
      <UniqueIdentifier>{4951d3ff-ffed-4497-a776-9883581e9fc8}</UniqueIdentifier>
    </Filter>
    <Filter Include="Fichiers sources\Game\Entity\Projectile">
      <UniqueIdentifier>{a72e875c-f9aa-4996-b3fc-da45e745ae1b}</UniqueIdentifier>
    </Filter>
    <Filter Include="Fichiers d%27en-tête\Game\Entity\Projectile\List">
      <UniqueIdentifier>{a5c0bf52-1d5f-4d48-a798-4bd761555207}</UniqueIdentifier>
    </Filter>
    <Filter Include="Fichiers sources\Game\Entity\Projectile\List">
      <UniqueIdentifier>{a1d1ac58-9991-4377-84c5-83cbcda08333}</UniqueIdentifier>
    </Filter>
    <Filter Include="Fichiers sources\Game\Map">
      <UniqueIdentifier>{9df9f739-b178-4c05-92c0-dc6a2ce506ec}</UniqueIdentifier>
    </Filter>
  </ItemGroup>
  <ItemGroup>
    <ClCompile Include="Main.cpp">
      <Filter>Fichiers sources</Filter>
    </ClCompile>
    <ClCompile Include="stdafx.cpp">
      <Filter>Fichiers sources</Filter>
    </ClCompile>
    <ClCompile Include="Game\Game.cpp">
      <Filter>Fichiers sources\Game</Filter>
    </ClCompile>
    <ClCompile Include="Game\State\StateManager.cpp">
      <Filter>Fichiers sources\Game\State</Filter>
    </ClCompile>
    <ClCompile Include="Game\Asset\AssetManager.cpp">
      <Filter>Fichiers sources\Game\Asset</Filter>
    </ClCompile>
    <ClCompile Include="Game\Input\InputManager.cpp">
      <Filter>Fichiers sources\Game\Input</Filter>
    </ClCompile>
    <ClCompile Include="Game\State\List\JoinState.cpp">
      <Filter>Fichiers sources\Game\State\List</Filter>
    </ClCompile>
    <ClCompile Include="Game\State\List\MainState.cpp">
      <Filter>Fichiers sources\Game\State\List</Filter>
    </ClCompile>
    <ClCompile Include="Game\View\View.cpp">
      <Filter>Fichiers sources\Game\View</Filter>
    </ClCompile>
    <ClCompile Include="Game\View\ViewManager.cpp">
      <Filter>Fichiers sources\Game\View</Filter>
    </ClCompile>
    <ClCompile Include="Game\Physic\PhysicBody.cpp">
      <Filter>Fichiers sources\Game\Physic</Filter>
    </ClCompile>
    <ClCompile Include="Game\Physic\PhysicBodyManager.cpp">
      <Filter>Fichiers sources\Game\Physic</Filter>
    </ClCompile>
    <ClCompile Include="Game\Entity\LivingEntity\Player\Player.cpp">
      <Filter>Fichiers sources\Game\Entity\LivingEntity\Player</Filter>
    </ClCompile>
    <ClCompile Include="Game\Entity\LivingEntity\Enemy\Enemy.cpp">
      <Filter>Fichiers sources\Game\Entity\LivingEntity\Ennemy</Filter>
    </ClCompile>
    <ClCompile Include="Game\Entity\Weapon\WeaponManager.cpp">
      <Filter>Fichiers sources\Game\Entity\Weapon</Filter>
    </ClCompile>
    <ClCompile Include="Game\Entity\Weapon\Range\List\Bow\Bow.cpp">
      <Filter>Fichiers sources\Game\Entity\Weapon\Range\List\Bow</Filter>
    </ClCompile>
    <ClCompile Include="Game\Map\Map.cpp">
      <Filter>Fichiers sources\Game\Map</Filter>
    </ClCompile>
    <ClCompile Include="Game\Entity\Projectile\list\Arrow.cpp">
      <Filter>Fichiers sources</Filter>
    </ClCompile>
    <ClCompile Include="Game\Entity\Collectables\CollectableObject.cpp">
      <Filter>Fichiers sources</Filter>
    </ClCompile>
    <ClCompile Include="Game\Entity\Projectile\ProjectileManager.cpp">
      <Filter>Fichiers sources</Filter>
    </ClCompile>
    <ClCompile Include="Game\State\List\SettingsState.cpp">
      <Filter>Fichiers sources</Filter>
    </ClCompile>
    <ClCompile Include="Game\State\List\GameState.cpp">
      <Filter>Fichiers sources</Filter>
    </ClCompile>
    <ClCompile Include="Game\UI\UIManager.cpp">
      <Filter>Fichiers sources</Filter>
    </ClCompile>
    <ClCompile Include="Game\UI\Nodes\Text\UIText.cpp">
      <Filter>Fichiers sources</Filter>
    </ClCompile>
    <ClCompile Include="Game\UI\Nodes\Checkbox\UICheckbox.cpp">
      <Filter>Fichiers sources</Filter>
    </ClCompile>
    <ClCompile Include="Game\UI\Nodes\Button\UIButton.cpp">
      <Filter>Fichiers sources</Filter>
    </ClCompile>
  </ItemGroup>
  <ItemGroup>
    <ClInclude Include="stdafx.h">
      <Filter>Fichiers d%27en-tête</Filter>
    </ClInclude>
    <ClInclude Include="Game\State\State.h">
      <Filter>Fichiers d%27en-tête\Game\State</Filter>
    </ClInclude>
    <ClInclude Include="Game\Game.h">
      <Filter>Fichiers d%27en-tête\Game</Filter>
    </ClInclude>
    <ClInclude Include="Game\State\StateManager.h">
      <Filter>Fichiers d%27en-tête\Game\State</Filter>
    </ClInclude>
    <ClInclude Include="Game\Asset\AssetManager.h">
      <Filter>Fichiers d%27en-tête\Game\Asset</Filter>
    </ClInclude>
    <ClInclude Include="Game\Input\InputManager.h">
      <Filter>Fichiers d%27en-tête\Game\Input</Filter>
    </ClInclude>
    <ClInclude Include="Game\State\List\JoinState.h">
      <Filter>Fichiers d%27en-tête\Game\State\List</Filter>
    </ClInclude>
    <ClInclude Include="Game\State\List\MainState.h">
      <Filter>Fichiers d%27en-tête\Game\State\List</Filter>
    </ClInclude>
    <ClInclude Include="Game\View\View.h">
      <Filter>Fichiers d%27en-tête\Game\View</Filter>
    </ClInclude>
    <ClInclude Include="Game\View\ViewManager.h">
      <Filter>Fichiers d%27en-tête\Game\View</Filter>
    </ClInclude>
    <ClInclude Include="Game\Physic\PhysicBody.h">
      <Filter>Fichiers d%27en-tête\Game\Physic</Filter>
    </ClInclude>
    <ClInclude Include="Game\Math\Math.h">
      <Filter>Fichiers d%27en-tête\Game\Math</Filter>
    </ClInclude>
    <ClInclude Include="Game\Physic\PhysicBodyManager.h">
      <Filter>Fichiers d%27en-tête\Game\Physic</Filter>
    </ClInclude>
    <ClInclude Include="Game\Entity\LivingEntity\Player\Player.h">
      <Filter>Fichiers d%27en-tête\Game\Entity\LivingEntity\Player</Filter>
    </ClInclude>
    <ClInclude Include="Game\Entity\Weapon\Weapon.h">
      <Filter>Fichiers d%27en-tête\Game\Entity\Weapon</Filter>
    </ClInclude>
    <ClInclude Include="Game\Entity\LivingEntity\LivingEntity.h">
      <Filter>Fichiers d%27en-tête</Filter>
    </ClInclude>
    <ClInclude Include="Game\Entity\Weapon\WeaponManager.h">
      <Filter>Fichiers d%27en-tête\Game\Entity\Weapon</Filter>
    </ClInclude>
    <ClInclude Include="Game\Entity\Entity.h">
      <Filter>Fichiers d%27en-tête\Game\Entity</Filter>
    </ClInclude>
    <ClInclude Include="Game\Entity\EntityManager.h">
      <Filter>Fichiers d%27en-tête\Game\Entity</Filter>
    </ClInclude>
    <ClInclude Include="Game\Entity\LivingEntity\Enemy\Enemy.h">
      <Filter>Fichiers d%27en-tête\Game\Entity\LivingEntity\Ennemy</Filter>
    </ClInclude>
    <ClInclude Include="Game\Map\Map.h">
      <Filter>Fichiers d%27en-tête\Game\Map</Filter>
    </ClInclude>
    <ClInclude Include="Game\Entity\Projectile\Projectile.h">
      <Filter>Fichiers d%27en-tête\Game\Entity\Projectile</Filter>
    </ClInclude>
    <ClInclude Include="Game\Entity\Weapon\Range\List\Bow\Bow.h">
      <Filter>Fichiers d%27en-tête\Game\Entity\Weapon\Range\List\Bow</Filter>
    </ClInclude>
    <ClInclude Include="Game\Entity\Weapon\Range\Range.h">
      <Filter>Fichiers d%27en-tête\Game\Entity\Weapon\Range</Filter>
    </ClInclude>
    <ClInclude Include="Game\Entity\Weapon\Melee\Melee.h">
      <Filter>Fichiers d%27en-tête\Game\Entity\Weapon\Melee</Filter>
    </ClInclude>
    <ClInclude Include="Game\Entity\Projectile\list\Arrow.h">
      <Filter>Fichiers d%27en-tête</Filter>
    </ClInclude>
    <ClInclude Include="Game\Entity\Collectables\CollectableObject.h">
      <Filter>Fichiers d%27en-tête</Filter>
    </ClInclude>
    <ClInclude Include="Game\Entity\Projectile\ProjectileManager.h">
      <Filter>Fichiers d%27en-tête</Filter>
    </ClInclude>
    <ClInclude Include="Game\State\List\SettingsState.h">
      <Filter>Fichiers d%27en-tête</Filter>
    </ClInclude>
    <ClInclude Include="Game\State\List\GameState.h">
      <Filter>Fichiers d%27en-tête</Filter>
    </ClInclude>
    <ClInclude Include="Game\UI\UIManager.h">
      <Filter>Fichiers d%27en-tête</Filter>
    </ClInclude>
    <ClInclude Include="Game\UI\Nodes\Text\UIText.h">
      <Filter>Fichiers d%27en-tête</Filter>
    </ClInclude>
    <ClInclude Include="Game\UI\Nodes\Checkbox\UICheckbox.h">
      <Filter>Fichiers d%27en-tête</Filter>
    </ClInclude>
    <ClInclude Include="Game\UI\Nodes\Button\UIButton.h">
      <Filter>Fichiers d%27en-tête</Filter>
    </ClInclude>
    <ClInclude Include="Game\BitMask.h">
      <Filter>Fichiers d%27en-tête</Filter>
    </ClInclude>
  </ItemGroup>
</Project>